
Microsoft Visual Studio Solution File, Format Version 12.00
# Visual Studio Version 17
VisualStudioVersion = 17.2.32526.322
MinimumVisualStudioVersion = 10.0.40219.1
Project("{FAE04EC0-301F-11D3-BF4B-00C04F79EFBC}") = "CabInvoiceGeneratorProblem", "CabInvoiceGeneratorProblem\CabInvoiceGeneratorProblem.csproj", "{A05B3BE3-B108-4130-A354-83E99F9AA0DB}"
EndProject
Global
	GlobalSection(SolutionConfigurationPlatforms) = preSolution
		Debug|Any CPU = Debug|Any CPU
		Release|Any CPU = Release|Any CPU
	EndGlobalSection
	GlobalSection(ProjectConfigurationPlatforms) = postSolution
		{A05B3BE3-B108-4130-A354-83E99F9AA0DB}.Debug|Any CPU.ActiveCfg = Debug|Any CPU
		{A05B3BE3-B108-4130-A354-83E99F9AA0DB}.Debug|Any CPU.Build.0 = Debug|Any CPU
		{A05B3BE3-B108-4130-A354-83E99F9AA0DB}.Release|Any CPU.ActiveCfg = Release|Any CPU
		{A05B3BE3-B108-4130-A354-83E99F9AA0DB}.Release|Any CPU.Build.0 = Release|Any CPU
	EndGlobalSection
	GlobalSection(SolutionProperties) = preSolution
		HideSolutionNode = FALSE
	EndGlobalSection
	GlobalSection(ExtensibilityGlobals) = postSolution
		SolutionGuid = {F8AD204E-DB66-4F9C-91C8-A7EAA4CD59B5}
	EndGlobalSection
EndGlobal
